
Microsoft Visual Studio Solution File, Format Version 12.00
# Visual Studio Version 17
VisualStudioVersion = 17.4.33213.308
MinimumVisualStudioVersion = 10.0.40219.1
Project("{FAE04EC0-301F-11D3-BF4B-00C04F79EFBC}") = "JCD1.2.1", "JCD1.2.1.csproj", "{508FC96D-797B-473D-A6CF-C034233E1F0A}"
EndProject
Global
	GlobalSection(SolutionConfigurationPlatforms) = preSolution
		Debug|Any CPU = Debug|Any CPU
		Release|Any CPU = Release|Any CPU
	EndGlobalSection
	GlobalSection(ProjectConfigurationPlatforms) = postSolution
		{508FC96D-797B-473D-A6CF-C034233E1F0A}.Debug|Any CPU.ActiveCfg = Debug|Any CPU
		{508FC96D-797B-473D-A6CF-C034233E1F0A}.Debug|Any CPU.Build.0 = Debug|Any CPU
		{508FC96D-797B-473D-A6CF-C034233E1F0A}.Release|Any CPU.ActiveCfg = Release|Any CPU
		{508FC96D-797B-473D-A6CF-C034233E1F0A}.Release|Any CPU.Build.0 = Release|Any CPU
	EndGlobalSection
	GlobalSection(SolutionProperties) = preSolution
		HideSolutionNode = FALSE
	EndGlobalSection
	GlobalSection(ExtensibilityGlobals) = postSolution
		SolutionGuid = {3DCB3D16-9221-4F5C-B4AB-0B2367FA3943}
	EndGlobalSection
EndGlobal
